
Microsoft Visual Studio Solution File, Format Version 12.00
# Visual Studio Version 16
VisualStudioVersion = 16.0.31005.135
MinimumVisualStudioVersion = 10.0.40219.1
Project("{FAE04EC0-301F-11D3-BF4B-00C04F79EFBC}") = "If-Else_Assignment", "If-Else_Assignment.csproj", "{9E4126C1-DD11-44F0-A50A-8962786DC7EE}"
EndProject
Global
	GlobalSection(SolutionConfigurationPlatforms) = preSolution
		Debug|Any CPU = Debug|Any CPU
		Release|Any CPU = Release|Any CPU
	EndGlobalSection
	GlobalSection(ProjectConfigurationPlatforms) = postSolution
		{9E4126C1-DD11-44F0-A50A-8962786DC7EE}.Debug|Any CPU.ActiveCfg = Debug|Any CPU
		{9E4126C1-DD11-44F0-A50A-8962786DC7EE}.Debug|Any CPU.Build.0 = Debug|Any CPU
		{9E4126C1-DD11-44F0-A50A-8962786DC7EE}.Release|Any CPU.ActiveCfg = Release|Any CPU
		{9E4126C1-DD11-44F0-A50A-8962786DC7EE}.Release|Any CPU.Build.0 = Release|Any CPU
	EndGlobalSection
	GlobalSection(SolutionProperties) = preSolution
		HideSolutionNode = FALSE
	EndGlobalSection
	GlobalSection(ExtensibilityGlobals) = postSolution
		SolutionGuid = {D09AB0CF-E6E4-4908-8A5E-DD4C22567210}
	EndGlobalSection
EndGlobal
